
Microsoft Visual Studio Solution File, Format Version 12.00
# Visual Studio Version 16
VisualStudioVersion = 16.0.28803.352
MinimumVisualStudioVersion = 10.0.40219.1
Project("{FAE04EC0-301F-11D3-BF4B-00C04F79EFBC}") = "GadzhiResurrected", "GadzhiResurrected\GadzhiResurrected.csproj", "{711BDB49-D87D-4272-9CD5-3BD39DDA4830}"
EndProject
Project("{FAE04EC0-301F-11D3-BF4B-00C04F79EFBC}") = "GadzhiModules", "GadzhiModules\GadzhiModules.csproj", "{C0EC27FF-7373-45D7-B399-0C6AFE0E8BF4}"
EndProject
Project("{FAE04EC0-301F-11D3-BF4B-00C04F79EFBC}") = "GadzhiTest", "GadzhiTest\GadzhiTest.csproj", "{5EDEED38-BA8C-4AD0-8F30-84E3F22E5F07}"
EndProject
Project("{FAE04EC0-301F-11D3-BF4B-00C04F79EFBC}") = "GadzhiWcfHost", "GadzhiWcfHost\GadzhiWcfHost.csproj", "{BA2F2CAB-9EEB-4F26-ABB9-85C71FCB3175}"
EndProject
Project("{2150E333-8FDC-42A3-9474-1A3956D46DE8}") = "03 - GadzhiWPF", "03 - GadzhiWPF", "{27D1C411-EC61-4B16-BB5D-57AD64F8E864}"
EndProject
Project("{2150E333-8FDC-42A3-9474-1A3956D46DE8}") = "04 - GadzhiWCF", "04 - GadzhiWCF", "{F416117F-1C73-4708-9C1F-81EACF67A65D}"
EndProject
Project("{FAE04EC0-301F-11D3-BF4B-00C04F79EFBC}") = "GadzhiDTO", "GadzhiDTO\GadzhiDTO.csproj", "{DE167026-7A41-4B2C-8F2A-00EA175E891E}"
EndProject
Project("{2150E333-8FDC-42A3-9474-1A3956D46DE8}") = "01 - GadzhiCommon", "01 - GadzhiCommon", "{8BCF9290-6BC5-4FFE-A645-4B04F2080CF9}"
EndProject
Project("{FAE04EC0-301F-11D3-BF4B-00C04F79EFBC}") = "GadzhiCommon", "GadzhiCommon\GadzhiCommon.csproj", "{C17ACFF2-E801-4A76-9E7C-DB9EA825DC65}"
EndProject
Project("{2150E333-8FDC-42A3-9474-1A3956D46DE8}") = "05 - GadzhiDAL", "05 - GadzhiDAL", "{84805F52-E865-4F6D-BD37-1E25824DAFE1}"
EndProject
Project("{FAE04EC0-301F-11D3-BF4B-00C04F79EFBC}") = "GadzhiDAL", "GadzhiDAL\GadzhiDAL.csproj", "{71FC9A9C-F36D-452D-AEA6-D3044C11A656}"
EndProject
Project("{2150E333-8FDC-42A3-9474-1A3956D46DE8}") = "06 - GadzhiConverting", "06 - GadzhiConverting", "{4F45BD72-0258-49CE-B7BB-65D09E4369D5}"
EndProject
Project("{FAE04EC0-301F-11D3-BF4B-00C04F79EFBC}") = "GadzhiConverting", "GadzhiConverting\GadzhiConverting.csproj", "{947DB9A9-FE6A-4274-97FD-9568D28595D7}"
EndProject
Project("{2150E333-8FDC-42A3-9474-1A3956D46DE8}") = "02 - GadzhiCommonServer", "02 - GadzhiCommonServer", "{8E4AE58F-0C2D-4C33-9244-A64B8E7914DB}"
EndProject
Project("{FAE04EC0-301F-11D3-BF4B-00C04F79EFBC}") = "GadzhiCommonServer", "GadzhiCommonServer\GadzhiCommonServer.csproj", "{0078318E-B6B1-4324-8370-D5C16A188726}"
EndProject
Global
	GlobalSection(SolutionConfigurationPlatforms) = preSolution
		Debug|Any CPU = Debug|Any CPU
		Release|Any CPU = Release|Any CPU
	EndGlobalSection
	GlobalSection(ProjectConfigurationPlatforms) = postSolution
		{711BDB49-D87D-4272-9CD5-3BD39DDA4830}.Debug|Any CPU.ActiveCfg = Debug|Any CPU
		{711BDB49-D87D-4272-9CD5-3BD39DDA4830}.Debug|Any CPU.Build.0 = Debug|Any CPU
		{711BDB49-D87D-4272-9CD5-3BD39DDA4830}.Release|Any CPU.ActiveCfg = Release|Any CPU
		{711BDB49-D87D-4272-9CD5-3BD39DDA4830}.Release|Any CPU.Build.0 = Release|Any CPU
		{C0EC27FF-7373-45D7-B399-0C6AFE0E8BF4}.Debug|Any CPU.ActiveCfg = Debug|Any CPU
		{C0EC27FF-7373-45D7-B399-0C6AFE0E8BF4}.Debug|Any CPU.Build.0 = Debug|Any CPU
		{C0EC27FF-7373-45D7-B399-0C6AFE0E8BF4}.Release|Any CPU.ActiveCfg = Release|Any CPU
		{C0EC27FF-7373-45D7-B399-0C6AFE0E8BF4}.Release|Any CPU.Build.0 = Release|Any CPU
		{5EDEED38-BA8C-4AD0-8F30-84E3F22E5F07}.Debug|Any CPU.ActiveCfg = Debug|Any CPU
		{5EDEED38-BA8C-4AD0-8F30-84E3F22E5F07}.Debug|Any CPU.Build.0 = Debug|Any CPU
		{5EDEED38-BA8C-4AD0-8F30-84E3F22E5F07}.Release|Any CPU.ActiveCfg = Release|Any CPU
		{5EDEED38-BA8C-4AD0-8F30-84E3F22E5F07}.Release|Any CPU.Build.0 = Release|Any CPU
		{BA2F2CAB-9EEB-4F26-ABB9-85C71FCB3175}.Debug|Any CPU.ActiveCfg = Debug|Any CPU
		{BA2F2CAB-9EEB-4F26-ABB9-85C71FCB3175}.Debug|Any CPU.Build.0 = Debug|Any CPU
		{BA2F2CAB-9EEB-4F26-ABB9-85C71FCB3175}.Release|Any CPU.ActiveCfg = Release|Any CPU
		{BA2F2CAB-9EEB-4F26-ABB9-85C71FCB3175}.Release|Any CPU.Build.0 = Release|Any CPU
		{DE167026-7A41-4B2C-8F2A-00EA175E891E}.Debug|Any CPU.ActiveCfg = Debug|Any CPU
		{DE167026-7A41-4B2C-8F2A-00EA175E891E}.Debug|Any CPU.Build.0 = Debug|Any CPU
		{DE167026-7A41-4B2C-8F2A-00EA175E891E}.Release|Any CPU.ActiveCfg = Release|Any CPU
		{DE167026-7A41-4B2C-8F2A-00EA175E891E}.Release|Any CPU.Build.0 = Release|Any CPU
		{C17ACFF2-E801-4A76-9E7C-DB9EA825DC65}.Debug|Any CPU.ActiveCfg = Debug|Any CPU
		{C17ACFF2-E801-4A76-9E7C-DB9EA825DC65}.Debug|Any CPU.Build.0 = Debug|Any CPU
		{C17ACFF2-E801-4A76-9E7C-DB9EA825DC65}.Release|Any CPU.ActiveCfg = Release|Any CPU
		{C17ACFF2-E801-4A76-9E7C-DB9EA825DC65}.Release|Any CPU.Build.0 = Release|Any CPU
		{71FC9A9C-F36D-452D-AEA6-D3044C11A656}.Debug|Any CPU.ActiveCfg = Debug|Any CPU
		{71FC9A9C-F36D-452D-AEA6-D3044C11A656}.Debug|Any CPU.Build.0 = Debug|Any CPU
		{71FC9A9C-F36D-452D-AEA6-D3044C11A656}.Release|Any CPU.ActiveCfg = Release|Any CPU
		{71FC9A9C-F36D-452D-AEA6-D3044C11A656}.Release|Any CPU.Build.0 = Release|Any CPU
		{947DB9A9-FE6A-4274-97FD-9568D28595D7}.Debug|Any CPU.ActiveCfg = Debug|Any CPU
		{947DB9A9-FE6A-4274-97FD-9568D28595D7}.Debug|Any CPU.Build.0 = Debug|Any CPU
		{947DB9A9-FE6A-4274-97FD-9568D28595D7}.Release|Any CPU.ActiveCfg = Release|Any CPU
		{947DB9A9-FE6A-4274-97FD-9568D28595D7}.Release|Any CPU.Build.0 = Release|Any CPU
		{0078318E-B6B1-4324-8370-D5C16A188726}.Debug|Any CPU.ActiveCfg = Debug|Any CPU
		{0078318E-B6B1-4324-8370-D5C16A188726}.Debug|Any CPU.Build.0 = Debug|Any CPU
		{0078318E-B6B1-4324-8370-D5C16A188726}.Release|Any CPU.ActiveCfg = Release|Any CPU
		{0078318E-B6B1-4324-8370-D5C16A188726}.Release|Any CPU.Build.0 = Release|Any CPU
	EndGlobalSection
	GlobalSection(SolutionProperties) = preSolution
		HideSolutionNode = FALSE
	EndGlobalSection
	GlobalSection(NestedProjects) = preSolution
		{711BDB49-D87D-4272-9CD5-3BD39DDA4830} = {27D1C411-EC61-4B16-BB5D-57AD64F8E864}
		{C0EC27FF-7373-45D7-B399-0C6AFE0E8BF4} = {27D1C411-EC61-4B16-BB5D-57AD64F8E864}
		{5EDEED38-BA8C-4AD0-8F30-84E3F22E5F07} = {27D1C411-EC61-4B16-BB5D-57AD64F8E864}
		{BA2F2CAB-9EEB-4F26-ABB9-85C71FCB3175} = {F416117F-1C73-4708-9C1F-81EACF67A65D}
		{DE167026-7A41-4B2C-8F2A-00EA175E891E} = {F416117F-1C73-4708-9C1F-81EACF67A65D}
		{C17ACFF2-E801-4A76-9E7C-DB9EA825DC65} = {8BCF9290-6BC5-4FFE-A645-4B04F2080CF9}
		{71FC9A9C-F36D-452D-AEA6-D3044C11A656} = {84805F52-E865-4F6D-BD37-1E25824DAFE1}
		{947DB9A9-FE6A-4274-97FD-9568D28595D7} = {4F45BD72-0258-49CE-B7BB-65D09E4369D5}
		{0078318E-B6B1-4324-8370-D5C16A188726} = {8E4AE58F-0C2D-4C33-9244-A64B8E7914DB}
	EndGlobalSection
	GlobalSection(ExtensibilityGlobals) = postSolution
		SolutionGuid = {98F57CE6-3DBD-4E61-8716-023B38EBCE68}
		EnterpriseLibraryConfigurationToolBinariesPath = packages\Unity.2.1.505.0\lib\NET35
	EndGlobalSection
EndGlobal
