
Microsoft Visual Studio Solution File, Format Version 12.00
# Visual Studio Version 16
VisualStudioVersion = 16.0.28803.352
MinimumVisualStudioVersion = 10.0.40219.1
Project("{FAE04EC0-301F-11D3-BF4B-00C04F79EFBC}") = "GadzhiResurrected", "GadzhiResurrected\GadzhiResurrected.csproj", "{711BDB49-D87D-4272-9CD5-3BD39DDA4830}"
EndProject
Project("{FAE04EC0-301F-11D3-BF4B-00C04F79EFBC}") = "GadzhiModules", "GadzhiModules\GadzhiModules.csproj", "{C0EC27FF-7373-45D7-B399-0C6AFE0E8BF4}"
EndProject
Project("{FAE04EC0-301F-11D3-BF4B-00C04F79EFBC}") = "GadzhiTest", "GadzhiTest\GadzhiTest.csproj", "{5EDEED38-BA8C-4AD0-8F30-84E3F22E5F07}"
EndProject
Project("{FAE04EC0-301F-11D3-BF4B-00C04F79EFBC}") = "GadzhiWcfHost", "GadzhiWcfHost\GadzhiWcfHost.csproj", "{BA2F2CAB-9EEB-4F26-ABB9-85C71FCB3175}"
EndProject
Project("{2150E333-8FDC-42A3-9474-1A3956D46DE8}") = "02 - GadzhiWPF", "02 - GadzhiWPF", "{27D1C411-EC61-4B16-BB5D-57AD64F8E864}"
EndProject
Project("{2150E333-8FDC-42A3-9474-1A3956D46DE8}") = "03 - GadzhiWCF", "03 - GadzhiWCF", "{F416117F-1C73-4708-9C1F-81EACF67A65D}"
EndProject
Project("{2150E333-8FDC-42A3-9474-1A3956D46DE8}") = "01 - GadzhiCommon", "01 - GadzhiCommon", "{8BCF9290-6BC5-4FFE-A645-4B04F2080CF9}"
EndProject
Project("{FAE04EC0-301F-11D3-BF4B-00C04F79EFBC}") = "GadzhiCommon", "GadzhiCommon\GadzhiCommon.csproj", "{C17ACFF2-E801-4A76-9E7C-DB9EA825DC65}"
EndProject
Project("{2150E333-8FDC-42A3-9474-1A3956D46DE8}") = "04 - GadzhiDAL", "04 - GadzhiDAL", "{84805F52-E865-4F6D-BD37-1E25824DAFE1}"
EndProject
Project("{FAE04EC0-301F-11D3-BF4B-00C04F79EFBC}") = "GadzhiDAL", "GadzhiDAL\GadzhiDAL.csproj", "{71FC9A9C-F36D-452D-AEA6-D3044C11A656}"
EndProject
Project("{2150E333-8FDC-42A3-9474-1A3956D46DE8}") = "05 - GadzhiConverting", "05 - GadzhiConverting", "{4F45BD72-0258-49CE-B7BB-65D09E4369D5}"
EndProject
Project("{FAE04EC0-301F-11D3-BF4B-00C04F79EFBC}") = "GadzhiConverting", "GadzhiConverting\GadzhiConverting.csproj", "{947DB9A9-FE6A-4274-97FD-9568D28595D7}"
EndProject
Project("{FAE04EC0-301F-11D3-BF4B-00C04F79EFBC}") = "GadzhiCommonServer", "GadzhiCommonServer\GadzhiCommonServer.csproj", "{C9FFBC73-5DE1-400B-96D9-44D691D2C68A}"
EndProject
Project("{FAE04EC0-301F-11D3-BF4B-00C04F79EFBC}") = "GadzhiDTOClient", "GadzhiDTOClient\GadzhiDTOClient.csproj", "{DE167026-7A41-4B2C-8F2A-00EA175E891E}"
EndProject
Project("{FAE04EC0-301F-11D3-BF4B-00C04F79EFBC}") = "GadzhiDTOServer", "GadzhiDTOServer\GadzhiDTOServer.csproj", "{B327C2A7-14EA-44B0-B3CE-6E4309B12771}"
EndProject
Project("{FAE04EC0-301F-11D3-BF4B-00C04F79EFBC}") = "GadzhiMicrostation", "GadzhiMicrostation\GadzhiMicrostation.csproj", "{1C7A009E-1C9A-4CD7-9E5F-0C1F9DB895CD}"
EndProject
Project("{2150E333-8FDC-42A3-9474-1A3956D46DE8}") = "Solution Items", "Solution Items", "{399E7356-E152-4F09-AC37-67E1880A95C5}"
	ProjectSection(SolutionItems) = preProject
		.editorconfig = .editorconfig
	EndProjectSection
EndProject
Project("{FAE04EC0-301F-11D3-BF4B-00C04F79EFBC}") = "GadzhiWord", "GadzhiWord\GadzhiWord.csproj", "{F2ACA480-2C8F-47F2-AB66-50B8ECBE7D2A}"
EndProject
Project("{FAE04EC0-301F-11D3-BF4B-00C04F79EFBC}") = "ConvertingModels", "ConvertingModels\ConvertingModels.csproj", "{30E39067-3AD7-433B-9494-6DBEE78302D6}"
EndProject
Global
	GlobalSection(SolutionConfigurationPlatforms) = preSolution
		Debug|Any CPU = Debug|Any CPU
		Release|Any CPU = Release|Any CPU
	EndGlobalSection
	GlobalSection(ProjectConfigurationPlatforms) = postSolution
		{711BDB49-D87D-4272-9CD5-3BD39DDA4830}.Debug|Any CPU.ActiveCfg = Debug|Any CPU
		{711BDB49-D87D-4272-9CD5-3BD39DDA4830}.Debug|Any CPU.Build.0 = Debug|Any CPU
		{711BDB49-D87D-4272-9CD5-3BD39DDA4830}.Release|Any CPU.ActiveCfg = Release|Any CPU
		{711BDB49-D87D-4272-9CD5-3BD39DDA4830}.Release|Any CPU.Build.0 = Release|Any CPU
		{C0EC27FF-7373-45D7-B399-0C6AFE0E8BF4}.Debug|Any CPU.ActiveCfg = Debug|Any CPU
		{C0EC27FF-7373-45D7-B399-0C6AFE0E8BF4}.Debug|Any CPU.Build.0 = Debug|Any CPU
		{C0EC27FF-7373-45D7-B399-0C6AFE0E8BF4}.Release|Any CPU.ActiveCfg = Release|Any CPU
		{C0EC27FF-7373-45D7-B399-0C6AFE0E8BF4}.Release|Any CPU.Build.0 = Release|Any CPU
		{5EDEED38-BA8C-4AD0-8F30-84E3F22E5F07}.Debug|Any CPU.ActiveCfg = Debug|Any CPU
		{5EDEED38-BA8C-4AD0-8F30-84E3F22E5F07}.Debug|Any CPU.Build.0 = Debug|Any CPU
		{5EDEED38-BA8C-4AD0-8F30-84E3F22E5F07}.Release|Any CPU.ActiveCfg = Release|Any CPU
		{5EDEED38-BA8C-4AD0-8F30-84E3F22E5F07}.Release|Any CPU.Build.0 = Release|Any CPU
		{BA2F2CAB-9EEB-4F26-ABB9-85C71FCB3175}.Debug|Any CPU.ActiveCfg = Debug|Any CPU
		{BA2F2CAB-9EEB-4F26-ABB9-85C71FCB3175}.Debug|Any CPU.Build.0 = Debug|Any CPU
		{BA2F2CAB-9EEB-4F26-ABB9-85C71FCB3175}.Release|Any CPU.ActiveCfg = Release|Any CPU
		{BA2F2CAB-9EEB-4F26-ABB9-85C71FCB3175}.Release|Any CPU.Build.0 = Release|Any CPU
		{C17ACFF2-E801-4A76-9E7C-DB9EA825DC65}.Debug|Any CPU.ActiveCfg = Debug|Any CPU
		{C17ACFF2-E801-4A76-9E7C-DB9EA825DC65}.Debug|Any CPU.Build.0 = Debug|Any CPU
		{C17ACFF2-E801-4A76-9E7C-DB9EA825DC65}.Release|Any CPU.ActiveCfg = Release|Any CPU
		{C17ACFF2-E801-4A76-9E7C-DB9EA825DC65}.Release|Any CPU.Build.0 = Release|Any CPU
		{71FC9A9C-F36D-452D-AEA6-D3044C11A656}.Debug|Any CPU.ActiveCfg = Debug|Any CPU
		{71FC9A9C-F36D-452D-AEA6-D3044C11A656}.Debug|Any CPU.Build.0 = Debug|Any CPU
		{71FC9A9C-F36D-452D-AEA6-D3044C11A656}.Release|Any CPU.ActiveCfg = Release|Any CPU
		{71FC9A9C-F36D-452D-AEA6-D3044C11A656}.Release|Any CPU.Build.0 = Release|Any CPU
		{947DB9A9-FE6A-4274-97FD-9568D28595D7}.Debug|Any CPU.ActiveCfg = Debug|Any CPU
		{947DB9A9-FE6A-4274-97FD-9568D28595D7}.Debug|Any CPU.Build.0 = Debug|Any CPU
		{947DB9A9-FE6A-4274-97FD-9568D28595D7}.Release|Any CPU.ActiveCfg = Release|Any CPU
		{947DB9A9-FE6A-4274-97FD-9568D28595D7}.Release|Any CPU.Build.0 = Release|Any CPU
		{C9FFBC73-5DE1-400B-96D9-44D691D2C68A}.Debug|Any CPU.ActiveCfg = Debug|Any CPU
		{C9FFBC73-5DE1-400B-96D9-44D691D2C68A}.Debug|Any CPU.Build.0 = Debug|Any CPU
		{C9FFBC73-5DE1-400B-96D9-44D691D2C68A}.Release|Any CPU.ActiveCfg = Release|Any CPU
		{C9FFBC73-5DE1-400B-96D9-44D691D2C68A}.Release|Any CPU.Build.0 = Release|Any CPU
		{DE167026-7A41-4B2C-8F2A-00EA175E891E}.Debug|Any CPU.ActiveCfg = Debug|Any CPU
		{DE167026-7A41-4B2C-8F2A-00EA175E891E}.Debug|Any CPU.Build.0 = Debug|Any CPU
		{DE167026-7A41-4B2C-8F2A-00EA175E891E}.Release|Any CPU.ActiveCfg = Release|Any CPU
		{DE167026-7A41-4B2C-8F2A-00EA175E891E}.Release|Any CPU.Build.0 = Release|Any CPU
		{B327C2A7-14EA-44B0-B3CE-6E4309B12771}.Debug|Any CPU.ActiveCfg = Debug|Any CPU
		{B327C2A7-14EA-44B0-B3CE-6E4309B12771}.Debug|Any CPU.Build.0 = Debug|Any CPU
		{B327C2A7-14EA-44B0-B3CE-6E4309B12771}.Release|Any CPU.ActiveCfg = Release|Any CPU
		{B327C2A7-14EA-44B0-B3CE-6E4309B12771}.Release|Any CPU.Build.0 = Release|Any CPU
		{1C7A009E-1C9A-4CD7-9E5F-0C1F9DB895CD}.Debug|Any CPU.ActiveCfg = Debug|Any CPU
		{1C7A009E-1C9A-4CD7-9E5F-0C1F9DB895CD}.Debug|Any CPU.Build.0 = Debug|Any CPU
		{1C7A009E-1C9A-4CD7-9E5F-0C1F9DB895CD}.Release|Any CPU.ActiveCfg = Release|Any CPU
		{1C7A009E-1C9A-4CD7-9E5F-0C1F9DB895CD}.Release|Any CPU.Build.0 = Release|Any CPU
		{F2ACA480-2C8F-47F2-AB66-50B8ECBE7D2A}.Debug|Any CPU.ActiveCfg = Debug|Any CPU
		{F2ACA480-2C8F-47F2-AB66-50B8ECBE7D2A}.Debug|Any CPU.Build.0 = Debug|Any CPU
		{F2ACA480-2C8F-47F2-AB66-50B8ECBE7D2A}.Release|Any CPU.ActiveCfg = Release|Any CPU
		{F2ACA480-2C8F-47F2-AB66-50B8ECBE7D2A}.Release|Any CPU.Build.0 = Release|Any CPU
		{30E39067-3AD7-433B-9494-6DBEE78302D6}.Debug|Any CPU.ActiveCfg = Debug|Any CPU
		{30E39067-3AD7-433B-9494-6DBEE78302D6}.Debug|Any CPU.Build.0 = Debug|Any CPU
		{30E39067-3AD7-433B-9494-6DBEE78302D6}.Release|Any CPU.ActiveCfg = Release|Any CPU
		{30E39067-3AD7-433B-9494-6DBEE78302D6}.Release|Any CPU.Build.0 = Release|Any CPU
	EndGlobalSection
	GlobalSection(SolutionProperties) = preSolution
		HideSolutionNode = FALSE
	EndGlobalSection
	GlobalSection(NestedProjects) = preSolution
		{711BDB49-D87D-4272-9CD5-3BD39DDA4830} = {27D1C411-EC61-4B16-BB5D-57AD64F8E864}
		{C0EC27FF-7373-45D7-B399-0C6AFE0E8BF4} = {27D1C411-EC61-4B16-BB5D-57AD64F8E864}
		{5EDEED38-BA8C-4AD0-8F30-84E3F22E5F07} = {27D1C411-EC61-4B16-BB5D-57AD64F8E864}
		{BA2F2CAB-9EEB-4F26-ABB9-85C71FCB3175} = {F416117F-1C73-4708-9C1F-81EACF67A65D}
		{C17ACFF2-E801-4A76-9E7C-DB9EA825DC65} = {8BCF9290-6BC5-4FFE-A645-4B04F2080CF9}
		{71FC9A9C-F36D-452D-AEA6-D3044C11A656} = {84805F52-E865-4F6D-BD37-1E25824DAFE1}
		{947DB9A9-FE6A-4274-97FD-9568D28595D7} = {4F45BD72-0258-49CE-B7BB-65D09E4369D5}
		{C9FFBC73-5DE1-400B-96D9-44D691D2C68A} = {8BCF9290-6BC5-4FFE-A645-4B04F2080CF9}
		{DE167026-7A41-4B2C-8F2A-00EA175E891E} = {F416117F-1C73-4708-9C1F-81EACF67A65D}
		{B327C2A7-14EA-44B0-B3CE-6E4309B12771} = {F416117F-1C73-4708-9C1F-81EACF67A65D}
		{1C7A009E-1C9A-4CD7-9E5F-0C1F9DB895CD} = {4F45BD72-0258-49CE-B7BB-65D09E4369D5}
		{F2ACA480-2C8F-47F2-AB66-50B8ECBE7D2A} = {4F45BD72-0258-49CE-B7BB-65D09E4369D5}
		{30E39067-3AD7-433B-9494-6DBEE78302D6} = {4F45BD72-0258-49CE-B7BB-65D09E4369D5}
	EndGlobalSection
	GlobalSection(ExtensibilityGlobals) = postSolution
		EnterpriseLibraryConfigurationToolBinariesPath = packages\Unity.2.1.505.0\lib\NET35;packages\Unity.2.1.505.2\lib\NET35
		SolutionGuid = {98F57CE6-3DBD-4E61-8716-023B38EBCE68}
	EndGlobalSection
EndGlobal
